
Microsoft Visual Studio Solution File, Format Version 12.00
# Visual Studio Version 16
VisualStudioVersion = 16.0.29102.190
MinimumVisualStudioVersion = 10.0.40219.1
Project("{F184B08F-C81C-45F6-A57F-5ABD9991F28F}") = "Herencia", "Herencia\Herencia.vbproj", "{3C1EEC2A-5819-41AC-9AC3-EA820B6930CD}"
EndProject
Global
	GlobalSection(SolutionConfigurationPlatforms) = preSolution
		Debug|Any CPU = Debug|Any CPU
		Release|Any CPU = Release|Any CPU
	EndGlobalSection
	GlobalSection(ProjectConfigurationPlatforms) = postSolution
		{3C1EEC2A-5819-41AC-9AC3-EA820B6930CD}.Debug|Any CPU.ActiveCfg = Debug|Any CPU
		{3C1EEC2A-5819-41AC-9AC3-EA820B6930CD}.Debug|Any CPU.Build.0 = Debug|Any CPU
		{3C1EEC2A-5819-41AC-9AC3-EA820B6930CD}.Release|Any CPU.ActiveCfg = Release|Any CPU
		{3C1EEC2A-5819-41AC-9AC3-EA820B6930CD}.Release|Any CPU.Build.0 = Release|Any CPU
	EndGlobalSection
	GlobalSection(SolutionProperties) = preSolution
		HideSolutionNode = FALSE
	EndGlobalSection
	GlobalSection(ExtensibilityGlobals) = postSolution
		SolutionGuid = {47D1F936-A943-4B6E-B8A4-BA8B96CCC974}
	EndGlobalSection
EndGlobal
